
Microsoft Visual Studio Solution File, Format Version 12.00
# Visual Studio Version 17
VisualStudioVersion = 17.6.33723.286
MinimumVisualStudioVersion = 10.0.40219.1
Project("{FAE04EC0-301F-11D3-BF4B-00C04F79EFBC}") = "JobHuntProject", "JobHuntProject\JobHuntProject.csproj", "{1B9B501D-830C-4729-9CF2-240D5B995013}"
EndProject
Global
	GlobalSection(SolutionConfigurationPlatforms) = preSolution
		Debug|Any CPU = Debug|Any CPU
		Release|Any CPU = Release|Any CPU
	EndGlobalSection
	GlobalSection(ProjectConfigurationPlatforms) = postSolution
		{1B9B501D-830C-4729-9CF2-240D5B995013}.Debug|Any CPU.ActiveCfg = Debug|Any CPU
		{1B9B501D-830C-4729-9CF2-240D5B995013}.Debug|Any CPU.Build.0 = Debug|Any CPU
		{1B9B501D-830C-4729-9CF2-240D5B995013}.Release|Any CPU.ActiveCfg = Release|Any CPU
		{1B9B501D-830C-4729-9CF2-240D5B995013}.Release|Any CPU.Build.0 = Release|Any CPU
	EndGlobalSection
	GlobalSection(SolutionProperties) = preSolution
		HideSolutionNode = FALSE
	EndGlobalSection
	GlobalSection(ExtensibilityGlobals) = postSolution
		SolutionGuid = {14B9585B-2E58-4AC2-9244-A47ABEBD8E5A}
	EndGlobalSection
EndGlobal
