
Microsoft Visual Studio Solution File, Format Version 12.00
# Visual Studio Version 17
VisualStudioVersion = 17.6.33723.286
MinimumVisualStudioVersion = 10.0.40219.1
Project("{FAE04EC0-301F-11D3-BF4B-00C04F79EFBC}") = "ProjectJobHunt", "ProjectJobHunt\ProjectJobHunt.csproj", "{E43AA825-9F94-4FC2-B891-6ECEBE2DDBFF}"
EndProject
Global
	GlobalSection(SolutionConfigurationPlatforms) = preSolution
		Debug|Any CPU = Debug|Any CPU
		Release|Any CPU = Release|Any CPU
	EndGlobalSection
	GlobalSection(ProjectConfigurationPlatforms) = postSolution
		{E43AA825-9F94-4FC2-B891-6ECEBE2DDBFF}.Debug|Any CPU.ActiveCfg = Debug|Any CPU
		{E43AA825-9F94-4FC2-B891-6ECEBE2DDBFF}.Debug|Any CPU.Build.0 = Debug|Any CPU
		{E43AA825-9F94-4FC2-B891-6ECEBE2DDBFF}.Release|Any CPU.ActiveCfg = Release|Any CPU
		{E43AA825-9F94-4FC2-B891-6ECEBE2DDBFF}.Release|Any CPU.Build.0 = Release|Any CPU
	EndGlobalSection
	GlobalSection(SolutionProperties) = preSolution
		HideSolutionNode = FALSE
	EndGlobalSection
	GlobalSection(ExtensibilityGlobals) = postSolution
		SolutionGuid = {96991E42-28D0-4AC2-81F9-AAAF24ABAC5C}
	EndGlobalSection
EndGlobal
